
Microsoft Visual Studio Solution File, Format Version 12.00
# Visual Studio Version 17
VisualStudioVersion = 17.9.34701.34
MinimumVisualStudioVersion = 10.0.40219.1
Project("{9A19103F-16F7-4668-BE54-9A1E7A4F7556}") = "EnergyTech_NET", "EnergyTech_NET.csproj", "{14A01664-114C-4EF3-AF12-9686FE1CABCB}"
EndProject
Project("{FAE04EC0-301F-11D3-BF4B-00C04F79EFBC}") = "EnergyTech_Test", "..\EnergyTech_Test\EnergyTech_Test.csproj", "{380867D8-44A1-434C-81B8-32D5696CDAEE}"
EndProject
Global
	GlobalSection(SolutionConfigurationPlatforms) = preSolution
		Debug|Any CPU = Debug|Any CPU
		Release|Any CPU = Release|Any CPU
	EndGlobalSection
	GlobalSection(ProjectConfigurationPlatforms) = postSolution
		{14A01664-114C-4EF3-AF12-9686FE1CABCB}.Debug|Any CPU.ActiveCfg = Debug|Any CPU
		{14A01664-114C-4EF3-AF12-9686FE1CABCB}.Debug|Any CPU.Build.0 = Debug|Any CPU
		{14A01664-114C-4EF3-AF12-9686FE1CABCB}.Release|Any CPU.ActiveCfg = Release|Any CPU
		{14A01664-114C-4EF3-AF12-9686FE1CABCB}.Release|Any CPU.Build.0 = Release|Any CPU
		{380867D8-44A1-434C-81B8-32D5696CDAEE}.Debug|Any CPU.ActiveCfg = Debug|Any CPU
		{380867D8-44A1-434C-81B8-32D5696CDAEE}.Debug|Any CPU.Build.0 = Debug|Any CPU
		{380867D8-44A1-434C-81B8-32D5696CDAEE}.Release|Any CPU.ActiveCfg = Release|Any CPU
		{380867D8-44A1-434C-81B8-32D5696CDAEE}.Release|Any CPU.Build.0 = Release|Any CPU
	EndGlobalSection
	GlobalSection(SolutionProperties) = preSolution
		HideSolutionNode = FALSE
	EndGlobalSection
	GlobalSection(ExtensibilityGlobals) = postSolution
		SolutionGuid = {CF766754-5259-493A-9583-F926FE3F1A99}
	EndGlobalSection
EndGlobal
